github.com/go-webauthn/webauthn v0.18.1 h1:KaQw6M+ODLvxHwddyeo6zFhhmicfLup/BClhigB6A+0=
github.com/go-webauthn/webauthn v0.18.1/go.mod h1:s4rZTQnKHWxIh6G3yEGqlxvtiLceA1jigll8FpqSgQ8=
github.com/mattn/go-sqlite3 v1.14.32 h1:JD12Ag3oLy1zQA+BNn74xRgaBbdhbNIDYvQUEuuErjs=
github.com/mattn/go-sqlite3 v1.14.32/go.mod h1:Uh1q+B4BYcTPb+yiD3kU8Ct7aC0hY9fxUwlHK0RXw+Y=
